
Microsoft Visual Studio Solution File, Format Version 12.00
# Visual Studio Version 17
VisualStudioVersion = 17.11.35327.3
MinimumVisualStudioVersion = 10.0.40219.1
Project("{9A19103F-16F7-4668-BE54-9A1E7A4F7556}") = "Simulator", "Simulator\Simulator.csproj", "{9B8603DF-53FE-42E2-A996-ABA57130EDAD}"
EndProject
Project("{9A19103F-16F7-4668-BE54-9A1E7A4F7556}") = "Runner", "Runner\Runner.csproj", "{5C2E2372-982E-4905-A8F2-CB2EF84558B1}"
EndProject
Project("{9A19103F-16F7-4668-BE54-9A1E7A4F7556}") = "TestSimulator", "TestSimulator\TestSimulator.csproj", "{3D0F8D0F-CF30-4666-B329-2E02AB122FB3}"
EndProject
Project("{2150E333-8FDC-42A3-9474-1A3956D46DE8}") = "Solution Items", "Solution Items", "{9C30BBF5-B99D-4837-8F49-544EBA2E5912}"
EndProject
Global
	GlobalSection(SolutionConfigurationPlatforms) = preSolution
		Debug|Any CPU = Debug|Any CPU
		Release|Any CPU = Release|Any CPU
	EndGlobalSection
	GlobalSection(ProjectConfigurationPlatforms) = postSolution
		{9B8603DF-53FE-42E2-A996-ABA57130EDAD}.Debug|Any CPU.ActiveCfg = Debug|Any CPU
		{9B8603DF-53FE-42E2-A996-ABA57130EDAD}.Debug|Any CPU.Build.0 = Debug|Any CPU
		{9B8603DF-53FE-42E2-A996-ABA57130EDAD}.Release|Any CPU.ActiveCfg = Release|Any CPU
		{9B8603DF-53FE-42E2-A996-ABA57130EDAD}.Release|Any CPU.Build.0 = Release|Any CPU
		{5C2E2372-982E-4905-A8F2-CB2EF84558B1}.Debug|Any CPU.ActiveCfg = Debug|Any CPU
		{5C2E2372-982E-4905-A8F2-CB2EF84558B1}.Debug|Any CPU.Build.0 = Debug|Any CPU
		{5C2E2372-982E-4905-A8F2-CB2EF84558B1}.Release|Any CPU.ActiveCfg = Release|Any CPU
		{5C2E2372-982E-4905-A8F2-CB2EF84558B1}.Release|Any CPU.Build.0 = Release|Any CPU
		{3D0F8D0F-CF30-4666-B329-2E02AB122FB3}.Debug|Any CPU.ActiveCfg = Debug|Any CPU
		{3D0F8D0F-CF30-4666-B329-2E02AB122FB3}.Debug|Any CPU.Build.0 = Debug|Any CPU
		{3D0F8D0F-CF30-4666-B329-2E02AB122FB3}.Release|Any CPU.ActiveCfg = Release|Any CPU
		{3D0F8D0F-CF30-4666-B329-2E02AB122FB3}.Release|Any CPU.Build.0 = Release|Any CPU
	EndGlobalSection
	GlobalSection(SolutionProperties) = preSolution
		HideSolutionNode = FALSE
	EndGlobalSection
	GlobalSection(ExtensibilityGlobals) = postSolution
		SolutionGuid = {1460691D-5498-4E87-B482-4179E1166E1B}
	EndGlobalSection
EndGlobal
